
Microsoft Visual Studio Solution File, Format Version 12.00
# Visual Studio Version 17
VisualStudioVersion = 17.7.34024.191
MinimumVisualStudioVersion = 10.0.40219.1
Project("{FAE04EC0-301F-11D3-BF4B-00C04F79EFBC}") = "Fashion", "Fashion.csproj", "{EAB65CBF-2530-4A46-985C-3DA08D87D733}"
EndProject
Project("{FAE04EC0-301F-11D3-BF4B-00C04F79EFBC}") = "DataAccess", "..\DataAccess\DataAccess.csproj", "{2A5278FA-911F-44E2-B051-C6655FF6D9F2}"
EndProject
Global
	GlobalSection(SolutionConfigurationPlatforms) = preSolution
		Debug|Any CPU = Debug|Any CPU
		Release|Any CPU = Release|Any CPU
	EndGlobalSection
	GlobalSection(ProjectConfigurationPlatforms) = postSolution
		{EAB65CBF-2530-4A46-985C-3DA08D87D733}.Debug|Any CPU.ActiveCfg = Debug|Any CPU
		{EAB65CBF-2530-4A46-985C-3DA08D87D733}.Debug|Any CPU.Build.0 = Debug|Any CPU
		{EAB65CBF-2530-4A46-985C-3DA08D87D733}.Release|Any CPU.ActiveCfg = Release|Any CPU
		{EAB65CBF-2530-4A46-985C-3DA08D87D733}.Release|Any CPU.Build.0 = Release|Any CPU
		{2A5278FA-911F-44E2-B051-C6655FF6D9F2}.Debug|Any CPU.ActiveCfg = Debug|Any CPU
		{2A5278FA-911F-44E2-B051-C6655FF6D9F2}.Debug|Any CPU.Build.0 = Debug|Any CPU
		{2A5278FA-911F-44E2-B051-C6655FF6D9F2}.Release|Any CPU.ActiveCfg = Release|Any CPU
		{2A5278FA-911F-44E2-B051-C6655FF6D9F2}.Release|Any CPU.Build.0 = Release|Any CPU
	EndGlobalSection
	GlobalSection(SolutionProperties) = preSolution
		HideSolutionNode = FALSE
	EndGlobalSection
	GlobalSection(ExtensibilityGlobals) = postSolution
		SolutionGuid = {4E5FEC89-7801-4C7D-A105-CAFA25884295}
	EndGlobalSection
EndGlobal
